// !$*UTF8*$!
{
	archiveVersion = 1;
	classes = {
	};
	objectVersion = 55;
	objects = {

/* Begin PBXBuildFile section */
		8610BD08275741A6001129D8 /* Comment.swift in Sources */ = {isa = PBXBuildFile; fileRef = 8610BD07275741A6001129D8 /* Comment.swift */; };
		8610BD0A2757F596001129D8 /* CommentView.swift in Sources */ = {isa = PBXBuildFile; fileRef = 8610BD092757F596001129D8 /* CommentView.swift */; };
		862B2CA12828AE6600FCF898 /* ProfileView.swift in Sources */ = {isa = PBXBuildFile; fileRef = 862B2CA02828AE6600FCF898 /* ProfileView.swift */; };
		865488D1281A3F17000F63D8 /* VideoView.swift in Sources */ = {isa = PBXBuildFile; fileRef = 865488D0281A3F17000F63D8 /* VideoView.swift */; };
		865488D3281A4035000F63D8 /* WebView.swift in Sources */ = {isa = PBXBuildFile; fileRef = 865488D2281A4035000F63D8 /* WebView.swift */; };
		865488D5281ACD2F000F63D8 /* SearchView.swift in Sources */ = {isa = PBXBuildFile; fileRef = 865488D4281ACD2F000F63D8 /* SearchView.swift */; };
		865488D9281AD497000F63D8 /* SearchSubViewModel.swift in Sources */ = {isa = PBXBuildFile; fileRef = 865488D8281AD497000F63D8 /* SearchSubViewModel.swift */; };
		865488DB281AD7AB000F63D8 /* Search.swift in Sources */ = {isa = PBXBuildFile; fileRef = 865488DA281AD7AB000F63D8 /* Search.swift */; };
		865ED1E7280B3D7100613CF7 /* CommentsViewModel.swift in Sources */ = {isa = PBXBuildFile; fileRef = 865ED1E6280B3D7100613CF7 /* CommentsViewModel.swift */; };
		8664EF0D280D23C10008942D /* FullImageView.swift in Sources */ = {isa = PBXBuildFile; fileRef = 8664EF0C280D23C10008942D /* FullImageView.swift */; };
		8664EF13280D4AB70008942D /* Kingfisher in Frameworks */ = {isa = PBXBuildFile; productRef = 8664EF12280D4AB70008942D /* Kingfisher */; };
		8677CFE2281C269300B43EED /* InitialsUI in Frameworks */ = {isa = PBXBuildFile; productRef = 8677CFE1281C269300B43EED /* InitialsUI */; };
		867EE74C2822BFB200596C99 /* Listing.swift in Sources */ = {isa = PBXBuildFile; fileRef = 867EE74B2822BFB200596C99 /* Listing.swift */; };
		867EE74E2822C64B00596C99 /* SubredditPost.swift in Sources */ = {isa = PBXBuildFile; fileRef = 867EE74D2822C64B00596C99 /* SubredditPost.swift */; };
		8690785C282A3760003F30E0 /* ProfileViewModel.swift in Sources */ = {isa = PBXBuildFile; fileRef = 8690785B282A3760003F30E0 /* ProfileViewModel.swift */; };
		86B3F3F62827EFE300513F74 /* UserInfo.swift in Sources */ = {isa = PBXBuildFile; fileRef = 86B3F3F52827EFE300513F74 /* UserInfo.swift */; };
		86DE4D0E28239BCC00356788 /* CommentCard.swift in Sources */ = {isa = PBXBuildFile; fileRef = 86DE4D0D28239BCC00356788 /* CommentCard.swift */; };
		86DE4D132826C55400356788 /* MarkdownUI in Frameworks */ = {isa = PBXBuildFile; productRef = 86DE4D122826C55400356788 /* MarkdownUI */; };
		86F4F4A02726FDC500645F2C /* RedditReaderApp.swift in Sources */ = {isa = PBXBuildFile; fileRef = 86F4F49F2726FDC500645F2C /* RedditReaderApp.swift */; };
		86F4F4A42726FDC700645F2C /* Assets.xcassets in Resources */ = {isa = PBXBuildFile; fileRef = 86F4F4A32726FDC700645F2C /* Assets.xcassets */; };
		86F4F4A72726FDC700645F2C /* Preview Assets.xcassets in Resources */ = {isa = PBXBuildFile; fileRef = 86F4F4A62726FDC700645F2C /* Preview Assets.xcassets */; };
		86F4F4B22726FE2500645F2C /* PostsView.swift in Sources */ = {isa = PBXBuildFile; fileRef = 86F4F4B12726FE2500645F2C /* PostsView.swift */; };
		86F4F4B42726FE7400645F2C /* Post.swift in Sources */ = {isa = PBXBuildFile; fileRef = 86F4F4B32726FE7400645F2C /* Post.swift */; };
		86F4F4B62726FE8D00645F2C /* PostsViewModel.swift in Sources */ = {isa = PBXBuildFile; fileRef = 86F4F4B52726FE8D00645F2C /* PostsViewModel.swift */; };
		86F9A7EB2807E1E20065B9CD /* PostCard.swift in Sources */ = {isa = PBXBuildFile; fileRef = 86F9A7EA2807E1E20065B9CD /* PostCard.swift */; };
/* End PBXBuildFile section */

/* Begin PBXFileReference section */
		8610BD07275741A6001129D8 /* Comment.swift */ = {isa = PBXFileReference; lastKnownFileType = sourcecode.swift; path = Comment.swift; sourceTree = "<group>"; };
		8610BD092757F596001129D8 /* CommentView.swift */ = {isa = PBXFileReference; lastKnownFileType = sourcecode.swift; path = CommentView.swift; sourceTree = "<group>"; };
		862B2CA02828AE6600FCF898 /* ProfileView.swift */ = {isa = PBXFileReference; lastKnownFileType = sourcecode.swift; path = ProfileView.swift; sourceTree = "<group>"; };
		865488D0281A3F17000F63D8 /* VideoView.swift */ = {isa = PBXFileReference; lastKnownFileType = sourcecode.swift; path = VideoView.swift; sourceTree = "<group>"; };
		865488D2281A4035000F63D8 /* WebView.swift */ = {isa = PBXFileReference; lastKnownFileType = sourcecode.swift; path = WebView.swift; sourceTree = "<group>"; };
		865488D4281ACD2F000F63D8 /* SearchView.swift */ = {isa = PBXFileReference; lastKnownFileType = sourcecode.swift; path = SearchView.swift; sourceTree = "<group>"; };
		865488D8281AD497000F63D8 /* SearchSubViewModel.swift */ = {isa = PBXFileReference; lastKnownFileType = sourcecode.swift; path = SearchSubViewModel.swift; sourceTree = "<group>"; };
		865488DA281AD7AB000F63D8 /* Search.swift */ = {isa = PBXFileReference; lastKnownFileType = sourcecode.swift; path = Search.swift; sourceTree = "<group>"; };
		865ED1E6280B3D7100613CF7 /* CommentsViewModel.swift */ = {isa = PBXFileReference; lastKnownFileType = sourcecode.swift; path = CommentsViewModel.swift; sourceTree = "<group>"; };
		8664EF0C280D23C10008942D /* FullImageView.swift */ = {isa = PBXFileReference; lastKnownFileType = sourcecode.swift; path = FullImageView.swift; sourceTree = "<group>"; };
		867EE74B2822BFB200596C99 /* Listing.swift */ = {isa = PBXFileReference; lastKnownFileType = sourcecode.swift; path = Listing.swift; sourceTree = "<group>"; };
		867EE74D2822C64B00596C99 /* SubredditPost.swift */ = {isa = PBXFileReference; lastKnownFileType = sourcecode.swift; path = SubredditPost.swift; sourceTree = "<group>"; };
		8690785B282A3760003F30E0 /* ProfileViewModel.swift */ = {isa = PBXFileReference; lastKnownFileType = sourcecode.swift; path = ProfileViewModel.swift; sourceTree = "<group>"; };
		86B3F3F52827EFE300513F74 /* UserInfo.swift */ = {isa = PBXFileReference; lastKnownFileType = sourcecode.swift; path = UserInfo.swift; sourceTree = "<group>"; };
		86DE4D0D28239BCC00356788 /* CommentCard.swift */ = {isa = PBXFileReference; lastKnownFileType = sourcecode.swift; path = CommentCard.swift; sourceTree = "<group>"; };
		86F4F49C2726FDC500645F2C /* RedditReader.app */ = {isa = PBXFileReference; explicitFileType = wrapper.application; includeInIndex = 0; path = RedditReader.app; sourceTree = BUILT_PRODUCTS_DIR; };
		86F4F49F2726FDC500645F2C /* RedditReaderApp.swift */ = {isa = PBXFileReference; lastKnownFileType = sourcecode.swift; path = RedditReaderApp.swift; sourceTree = "<group>"; };
		86F4F4A32726FDC700645F2C /* Assets.xcassets */ = {isa = PBXFileReference; lastKnownFileType = folder.assetcatalog; path = Assets.xcassets; sourceTree = "<group>"; };
		86F4F4A62726FDC700645F2C /* Preview Assets.xcassets */ = {isa = PBXFileReference; lastKnownFileType = folder.assetcatalog; path = "Preview Assets.xcassets"; sourceTree = "<group>"; };
		86F4F4B12726FE2500645F2C /* PostsView.swift */ = {isa = PBXFileReference; lastKnownFileType = sourcecode.swift; path = PostsView.swift; sourceTree = "<group>"; };
		86F4F4B32726FE7400645F2C /* Post.swift */ = {isa = PBXFileReference; lastKnownFileType = sourcecode.swift; path = Post.swift; sourceTree = "<group>"; };
		86F4F4B52726FE8D00645F2C /* PostsViewModel.swift */ = {isa = PBXFileReference; lastKnownFileType = sourcecode.swift; path = PostsViewModel.swift; sourceTree = "<group>"; };
		86F9A7EA2807E1E20065B9CD /* PostCard.swift */ = {isa = PBXFileReference; lastKnownFileType = sourcecode.swift; path = PostCard.swift; sourceTree = "<group>"; };
/* End PBXFileReference section */

/* Begin PBXFrameworksBuildPhase section */
		86F4F4992726FDC500645F2C /* Frameworks */ = {
			isa = PBXFrameworksBuildPhase;
			buildActionMask = 2147483647;
			files = (
				86DE4D132826C55400356788 /* MarkdownUI in Frameworks */,
				8664EF13280D4AB70008942D /* Kingfisher in Frameworks */,
				8677CFE2281C269300B43EED /* InitialsUI in Frameworks */,
			);
			runOnlyForDeploymentPostprocessing = 0;
		};
/* End PBXFrameworksBuildPhase section */

/* Begin PBXGroup section */
		86B3F3F728281EB200513F74 /* Profile */ = {
			isa = PBXGroup;
			children = (
				862B2CA02828AE6600FCF898 /* ProfileView.swift */,
			);
			path = Profile;
			sourceTree = "<group>";
		};
		86DE4D06282392EF00356788 /* Post */ = {
			isa = PBXGroup;
			children = (
				86F9A7EA2807E1E20065B9CD /* PostCard.swift */,
				86F4F4B12726FE2500645F2C /* PostsView.swift */,
			);
			path = Post;
			sourceTree = "<group>";
		};
		86DE4D07282392F900356788 /* Comment */ = {
			isa = PBXGroup;
			children = (
				8610BD092757F596001129D8 /* CommentView.swift */,
				86DE4D0D28239BCC00356788 /* CommentCard.swift */,
			);
			path = Comment;
			sourceTree = "<group>";
		};
		86DE4D082823931F00356788 /* Search */ = {
			isa = PBXGroup;
			children = (
				865488D4281ACD2F000F63D8 /* SearchView.swift */,
			);
			path = Search;
			sourceTree = "<group>";
		};
		86F4F4932726FDC500645F2C = {
			isa = PBXGroup;
			children = (
				86F4F49E2726FDC500645F2C /* RedditReader */,
				86F4F49D2726FDC500645F2C /* Products */,
			);
			sourceTree = "<group>";
		};
		86F4F49D2726FDC500645F2C /* Products */ = {
			isa = PBXGroup;
			children = (
				86F4F49C2726FDC500645F2C /* RedditReader.app */,
			);
			name = Products;
			sourceTree = "<group>";
		};
		86F4F49E2726FDC500645F2C /* RedditReader */ = {
			isa = PBXGroup;
			children = (
				86F4F4B02726FDE800645F2C /* ViewModels */,
				86F4F4AE2726FDD800645F2C /* Models */,
				86F4F4AD2726FDD000645F2C /* Views */,
				86F4F49F2726FDC500645F2C /* RedditReaderApp.swift */,
				86F4F4A32726FDC700645F2C /* Assets.xcassets */,
				86F4F4A52726FDC700645F2C /* Preview Content */,
			);
			path = RedditReader;
			sourceTree = "<group>";
		};
		86F4F4A52726FDC700645F2C /* Preview Content */ = {
			isa = PBXGroup;
			children = (
				86F4F4A62726FDC700645F2C /* Preview Assets.xcassets */,
			);
			path = "Preview Content";
			sourceTree = "<group>";
		};
		86F4F4AD2726FDD000645F2C /* Views */ = {
			isa = PBXGroup;
			children = (
				86B3F3F728281EB200513F74 /* Profile */,
				86DE4D082823931F00356788 /* Search */,
				86DE4D07282392F900356788 /* Comment */,
				86DE4D06282392EF00356788 /* Post */,
				8664EF0C280D23C10008942D /* FullImageView.swift */,
				865488D0281A3F17000F63D8 /* VideoView.swift */,
				865488D2281A4035000F63D8 /* WebView.swift */,
			);
			path = Views;
			sourceTree = "<group>";
		};
		86F4F4AE2726FDD800645F2C /* Models */ = {
			isa = PBXGroup;
			children = (
				86F4F4B32726FE7400645F2C /* Post.swift */,
				8610BD07275741A6001129D8 /* Comment.swift */,
				865488DA281AD7AB000F63D8 /* Search.swift */,
				867EE74B2822BFB200596C99 /* Listing.swift */,
				867EE74D2822C64B00596C99 /* SubredditPost.swift */,
				86B3F3F52827EFE300513F74 /* UserInfo.swift */,
			);
			path = Models;
			sourceTree = "<group>";
		};
		86F4F4B02726FDE800645F2C /* ViewModels */ = {
			isa = PBXGroup;
			children = (
				86F4F4B52726FE8D00645F2C /* PostsViewModel.swift */,
				865ED1E6280B3D7100613CF7 /* CommentsViewModel.swift */,
				865488D8281AD497000F63D8 /* SearchSubViewModel.swift */,
				8690785B282A3760003F30E0 /* ProfileViewModel.swift */,
			);
			path = ViewModels;
			sourceTree = "<group>";
		};
/* End PBXGroup section */

/* Begin PBXNativeTarget section */
		86F4F49B2726FDC500645F2C /* RedditReader */ = {
			isa = PBXNativeTarget;
			buildConfigurationList = 86F4F4AA2726FDC700645F2C /* Build configuration list for PBXNativeTarget "RedditReader" */;
			buildPhases = (
				86F4F4982726FDC500645F2C /* Sources */,
				86F4F4992726FDC500645F2C /* Frameworks */,
				86F4F49A2726FDC500645F2C /* Resources */,
			);
			buildRules = (
			);
			dependencies = (
			);
			name = RedditReader;
			packageProductDependencies = (
				8664EF12280D4AB70008942D /* Kingfisher */,
				8677CFE1281C269300B43EED /* InitialsUI */,
				86DE4D122826C55400356788 /* MarkdownUI */,
			);
			productName = RedditReader;
			productReference = 86F4F49C2726FDC500645F2C /* RedditReader.app */;
			productType = "com.apple.product-type.application";
		};
/* End PBXNativeTarget section */

/* Begin PBXProject section */
		86F4F4942726FDC500645F2C /* Project object */ = {
			isa = PBXProject;
			attributes = {
				BuildIndependentTargetsInParallel = 1;
				LastSwiftUpdateCheck = 1300;
				LastUpgradeCheck = 1300;
				TargetAttributes = {
					86F4F49B2726FDC500645F2C = {
						CreatedOnToolsVersion = 13.0;
					};
				};
			};
			buildConfigurationList = 86F4F4972726FDC500645F2C /* Build configuration list for PBXProject "RedditReader" */;
			compatibilityVersion = "Xcode 13.0";
			developmentRegion = en;
			hasScannedForEncodings = 0;
			knownRegions = (
				en,
				Base,
			);
			mainGroup = 86F4F4932726FDC500645F2C;
			packageReferences = (
				8664EF11280D4AB70008942D /* XCRemoteSwiftPackageReference "Kingfisher" */,
				8677CFE0281C269300B43EED /* XCRemoteSwiftPackageReference "InitialsUI" */,
				86DE4D112826C55400356788 /* XCRemoteSwiftPackageReference "MarkdownUI" */,
			);
			productRefGroup = 86F4F49D2726FDC500645F2C /* Products */;
			projectDirPath = "";
			projectRoot = "";
			targets = (
				86F4F49B2726FDC500645F2C /* RedditReader */,
			);
		};
/* End PBXProject section */

/* Begin PBXResourcesBuildPhase section */
		86F4F49A2726FDC500645F2C /* Resources */ = {
			isa = PBXResourcesBuildPhase;
			buildActionMask = 2147483647;
			files = (
				86F4F4A72726FDC700645F2C /* Preview Assets.xcassets in Resources */,
				86F4F4A42726FDC700645F2C /* Assets.xcassets in Resources */,
			);
			runOnlyForDeploymentPostprocessing = 0;
		};
/* End PBXResourcesBuildPhase section */

/* Begin PBXSourcesBuildPhase section */
		86F4F4982726FDC500645F2C /* Sources */ = {
			isa = PBXSourcesBuildPhase;
			buildActionMask = 2147483647;
			files = (
				8610BD0A2757F596001129D8 /* CommentView.swift in Sources */,
				8610BD08275741A6001129D8 /* Comment.swift in Sources */,
				86F4F4B62726FE8D00645F2C /* PostsViewModel.swift in Sources */,
				8664EF0D280D23C10008942D /* FullImageView.swift in Sources */,
				865488D5281ACD2F000F63D8 /* SearchView.swift in Sources */,
				865488D9281AD497000F63D8 /* SearchSubViewModel.swift in Sources */,
				86F4F4A02726FDC500645F2C /* RedditReaderApp.swift in Sources */,
				867EE74C2822BFB200596C99 /* Listing.swift in Sources */,
				862B2CA12828AE6600FCF898 /* ProfileView.swift in Sources */,
				865ED1E7280B3D7100613CF7 /* CommentsViewModel.swift in Sources */,
				865488D1281A3F17000F63D8 /* VideoView.swift in Sources */,
				867EE74E2822C64B00596C99 /* SubredditPost.swift in Sources */,
				86F4F4B22726FE2500645F2C /* PostsView.swift in Sources */,
				86F4F4B42726FE7400645F2C /* Post.swift in Sources */,
				8690785C282A3760003F30E0 /* ProfileViewModel.swift in Sources */,
				86F9A7EB2807E1E20065B9CD /* PostCard.swift in Sources */,
				865488D3281A4035000F63D8 /* WebView.swift in Sources */,
				865488DB281AD7AB000F63D8 /* Search.swift in Sources */,
				86B3F3F62827EFE300513F74 /* UserInfo.swift in Sources */,
				86DE4D0E28239BCC00356788 /* CommentCard.swift in Sources */,
			);
			runOnlyForDeploymentPostprocessing = 0;
		};
/* End PBXSourcesBuildPhase section */

/* Begin XCBuildConfiguration section */
		86F4F4A82726FDC700645F2C /* Debug */ = {
			isa = XCBuildConfiguration;
			buildSettings = {
				ALWAYS_SEARCH_USER_PATHS = NO;
				CLANG_ANALYZER_NONNULL = YES;
				CLANG_ANALYZER_NUMBER_OBJECT_CONVERSION = YES_AGGRESSIVE;
				CLANG_CXX_LANGUAGE_STANDARD = "gnu++17";
				CLANG_CXX_LIBRARY = "libc++";
				CLANG_ENABLE_MODULES = YES;
				CLANG_ENABLE_OBJC_ARC = YES;
				CLANG_ENABLE_OBJC_WEAK = YES;
				CLANG_WARN_BLOCK_CAPTURE_AUTORELEASING = YES;
				CLANG_WARN_BOOL_CONVERSION = YES;
				CLANG_WARN_COMMA = YES;
				CLANG_WARN_CONSTANT_CONVERSION = YES;
				CLANG_WARN_DEPRECATED_OBJC_IMPLEMENTATIONS = YES;
				CLANG_WARN_DIRECT_OBJC_ISA_USAGE = YES_ERROR;
				CLANG_WARN_DOCUMENTATION_COMMENTS = YES;
				CLANG_WARN_EMPTY_BODY = YES;
				CLANG_WARN_ENUM_CONVERSION = YES;
				CLANG_WARN_INFINITE_RECURSION = YES;
				CLANG_WARN_INT_CONVERSION = YES;
				CLANG_WARN_NON_LITERAL_NULL_CONVERSION = YES;
				CLANG_WARN_OBJC_IMPLICIT_RETAIN_SELF = YES;
				CLANG_WARN_OBJC_LITERAL_CONVERSION = YES;
				CLANG_WARN_OBJC_ROOT_CLASS = YES_ERROR;
				CLANG_WARN_QUOTED_INCLUDE_IN_FRAMEWORK_HEADER = YES;
				CLANG_WARN_RANGE_LOOP_ANALYSIS = YES;
				CLANG_WARN_STRICT_PROTOTYPES = YES;
				CLANG_WARN_SUSPICIOUS_MOVE = YES;
				CLANG_WARN_UNGUARDED_AVAILABILITY = YES_AGGRESSIVE;
				CLANG_WARN_UNREACHABLE_CODE = YES;
				CLANG_WARN__DUPLICATE_METHOD_MATCH = YES;
				COPY_PHASE_STRIP = NO;
				DEBUG_INFORMATION_FORMAT = dwarf;
				ENABLE_STRICT_OBJC_MSGSEND = YES;
				ENABLE_TESTABILITY = YES;
				GCC_C_LANGUAGE_STANDARD = gnu11;
				GCC_DYNAMIC_NO_PIC = NO;
				GCC_NO_COMMON_BLOCKS = YES;
				GCC_OPTIMIZATION_LEVEL = 0;
				GCC_PREPROCESSOR_DEFINITIONS = (
					"DEBUG=1",
					"$(inherited)",
				);
				GCC_WARN_64_TO_32_BIT_CONVERSION = YES;
				GCC_WARN_ABOUT_RETURN_TYPE = YES_ERROR;
				GCC_WARN_UNDECLARED_SELECTOR = YES;
				GCC_WARN_UNINITIALIZED_AUTOS = YES_AGGRESSIVE;
				GCC_WARN_UNUSED_FUNCTION = YES;
				GCC_WARN_UNUSED_VARIABLE = YES;
				IPHONEOS_DEPLOYMENT_TARGET = 15.0;
				MTL_ENABLE_DEBUG_INFO = INCLUDE_SOURCE;
				MTL_FAST_MATH = YES;
				ONLY_ACTIVE_ARCH = YES;
				SDKROOT = iphoneos;
				SWIFT_ACTIVE_COMPILATION_CONDITIONS = DEBUG;
				SWIFT_OPTIMIZATION_LEVEL = "-Onone";
			};
			name = Debug;
		};
		86F4F4A92726FDC700645F2C /* Release */ = {
			isa = XCBuildConfiguration;
			buildSettings = {
				ALWAYS_SEARCH_USER_PATHS = NO;
				CLANG_ANALYZER_NONNULL = YES;
				CLANG_ANALYZER_NUMBER_OBJECT_CONVERSION = YES_AGGRESSIVE;
				CLANG_CXX_LANGUAGE_STANDARD = "gnu++17";
				CLANG_CXX_LIBRARY = "libc++";
				CLANG_ENABLE_MODULES = YES;
				CLANG_ENABLE_OBJC_ARC = YES;
				CLANG_ENABLE_OBJC_WEAK = YES;
				CLANG_WARN_BLOCK_CAPTURE_AUTORELEASING = YES;
				CLANG_WARN_BOOL_CONVERSION = YES;
				CLANG_WARN_COMMA = YES;
				CLANG_WARN_CONSTANT_CONVERSION = YES;
				CLANG_WARN_DEPRECATED_OBJC_IMPLEMENTATIONS = YES;
				CLANG_WARN_DIRECT_OBJC_ISA_USAGE = YES_ERROR;
				CLANG_WARN_DOCUMENTATION_COMMENTS = YES;
				CLANG_WARN_EMPTY_BODY = YES;
				CLANG_WARN_ENUM_CONVERSION = YES;
				CLANG_WARN_INFINITE_RECURSION = YES;
				CLANG_WARN_INT_CONVERSION = YES;
				CLANG_WARN_NON_LITERAL_NULL_CONVERSION = YES;
				CLANG_WARN_OBJC_IMPLICIT_RETAIN_SELF = YES;
				CLANG_WARN_OBJC_LITERAL_CONVERSION = YES;
				CLANG_WARN_OBJC_ROOT_CLASS = YES_ERROR;
				CLANG_WARN_QUOTED_INCLUDE_IN_FRAMEWORK_HEADER = YES;
				CLANG_WARN_RANGE_LOOP_ANALYSIS = YES;
				CLANG_WARN_STRICT_PROTOTYPES = YES;
				CLANG_WARN_SUSPICIOUS_MOVE = YES;
				CLANG_WARN_UNGUARDED_AVAILABILITY = YES_AGGRESSIVE;
				CLANG_WARN_UNREACHABLE_CODE = YES;
				CLANG_WARN__DUPLICATE_METHOD_MATCH = YES;
				COPY_PHASE_STRIP = NO;
				DEBUG_INFORMATION_FORMAT = "dwarf-with-dsym";
				ENABLE_NS_ASSERTIONS = NO;
				ENABLE_STRICT_OBJC_MSGSEND = YES;
				GCC_C_LANGUAGE_STANDARD = gnu11;
				GCC_NO_COMMON_BLOCKS = YES;
				GCC_WARN_64_TO_32_BIT_CONVERSION = YES;
				GCC_WARN_ABOUT_RETURN_TYPE = YES_ERROR;
				GCC_WARN_UNDECLARED_SELECTOR = YES;
				GCC_WARN_UNINITIALIZED_AUTOS = YES_AGGRESSIVE;
				GCC_WARN_UNUSED_FUNCTION = YES;
				GCC_WARN_UNUSED_VARIABLE = YES;
				IPHONEOS_DEPLOYMENT_TARGET = 15.0;
				MTL_ENABLE_DEBUG_INFO = NO;
				MTL_FAST_MATH = YES;
				SDKROOT = iphoneos;
				SWIFT_COMPILATION_MODE = wholemodule;
				SWIFT_OPTIMIZATION_LEVEL = "-O";
				VALIDATE_PRODUCT = YES;
			};
			name = Release;
		};
		86F4F4AB2726FDC700645F2C /* Debug */ = {
			isa = XCBuildConfiguration;
			buildSettings = {
				ASSETCATALOG_COMPILER_APPICON_NAME = AppIcon;
				ASSETCATALOG_COMPILER_GLOBAL_ACCENT_COLOR_NAME = AccentColor;
				CODE_SIGN_STYLE = Automatic;
				CURRENT_PROJECT_VERSION = 1;
				DEVELOPMENT_ASSET_PATHS = "\"RedditReader/Preview Content\"";
				DEVELOPMENT_TEAM = AXD33J252A;
				ENABLE_PREVIEWS = YES;
				GENERATE_INFOPLIST_FILE = YES;
				INFOPLIST_KEY_UIApplicationSceneManifest_Generation = YES;
				INFOPLIST_KEY_UIApplicationSupportsIndirectInputEvents = YES;
				INFOPLIST_KEY_UILaunchScreen_Generation = YES;
				INFOPLIST_KEY_UISupportedInterfaceOrientations_iPad = "UIInterfaceOrientationPortrait UIInterfaceOrientationPortraitUpsideDown UIInterfaceOrientationLandscapeLeft UIInterfaceOrientationLandscapeRight";
				INFOPLIST_KEY_UISupportedInterfaceOrientations_iPhone = "UIInterfaceOrientationPortrait UIInterfaceOrientationLandscapeLeft UIInterfaceOrientationLandscapeRight";
				IPHONEOS_DEPLOYMENT_TARGET = 15.0;
				LD_RUNPATH_SEARCH_PATHS = (
					"$(inherited)",
					"@executable_path/Frameworks",
				);
				MARKETING_VERSION = 1.0;
				PRODUCT_BUNDLE_IDENTIFIER = me.ivanchristian.RedditReader;
				PRODUCT_NAME = "$(TARGET_NAME)";
				SWIFT_EMIT_LOC_STRINGS = YES;
				SWIFT_VERSION = 5.0;
				TARGETED_DEVICE_FAMILY = "1,2";
			};
			name = Debug;
		};
		86F4F4AC2726FDC700645F2C /* Release */ = {
			isa = XCBuildConfiguration;
			buildSettings = {
				ASSETCATALOG_COMPILER_APPICON_NAME = AppIcon;
				ASSETCATALOG_COMPILER_GLOBAL_ACCENT_COLOR_NAME = AccentColor;
				CODE_SIGN_STYLE = Automatic;
				CURRENT_PROJECT_VERSION = 1;
				DEVELOPMENT_ASSET_PATHS = "\"RedditReader/Preview Content\"";
				DEVELOPMENT_TEAM = AXD33J252A;
				ENABLE_PREVIEWS = YES;
				GENERATE_INFOPLIST_FILE = YES;
				INFOPLIST_KEY_UIApplicationSceneManifest_Generation = YES;
				INFOPLIST_KEY_UIApplicationSupportsIndirectInputEvents = YES;
				INFOPLIST_KEY_UILaunchScreen_Generation = YES;
				INFOPLIST_KEY_UISupportedInterfaceOrientations_iPad = "UIInterfaceOrientationPortrait UIInterfaceOrientationPortraitUpsideDown UIInterfaceOrientationLandscapeLeft UIInterfaceOrientationLandscapeRight";
				INFOPLIST_KEY_UISupportedInterfaceOrientations_iPhone = "UIInterfaceOrientationPortrait UIInterfaceOrientationLandscapeLeft UIInterfaceOrientationLandscapeRight";
				IPHONEOS_DEPLOYMENT_TARGET = 15.0;
				LD_RUNPATH_SEARCH_PATHS = (
					"$(inherited)",
					"@executable_path/Frameworks",
				);
				MARKETING_VERSION = 1.0;
				PRODUCT_BUNDLE_IDENTIFIER = me.ivanchristian.RedditReader;
				PRODUCT_NAME = "$(TARGET_NAME)";
				SWIFT_EMIT_LOC_STRINGS = YES;
				SWIFT_VERSION = 5.0;
				TARGETED_DEVICE_FAMILY = "1,2";
			};
			name = Release;
		};
/* End XCBuildConfiguration section */

/* Begin XCConfigurationList section */
		86F4F4972726FDC500645F2C /* Build configuration list for PBXProject "RedditReader" */ = {
			isa = XCConfigurationList;
			buildConfigurations = (
				86F4F4A82726FDC700645F2C /* Debug */,
				86F4F4A92726FDC700645F2C /* Release */,
			);
			defaultConfigurationIsVisible = 0;
			defaultConfigurationName = Release;
		};
		86F4F4AA2726FDC700645F2C /* Build configuration list for PBXNativeTarget "RedditReader" */ = {
			isa = XCConfigurationList;
			buildConfigurations = (
				86F4F4AB2726FDC700645F2C /* Debug */,
				86F4F4AC2726FDC700645F2C /* Release */,
			);
			defaultConfigurationIsVisible = 0;
			defaultConfigurationName = Release;
		};
/* End XCConfigurationList section */

/* Begin XCRemoteSwiftPackageReference section */
		8664EF11280D4AB70008942D /* XCRemoteSwiftPackageReference "Kingfisher" */ = {
			isa = XCRemoteSwiftPackageReference;
			repositoryURL = "https://github.com/onevcat/Kingfisher.git";
			requirement = {
				kind = upToNextMajorVersion;
				minimumVersion = 7.0.0;
			};
		};
		8677CFE0281C269300B43EED /* XCRemoteSwiftPackageReference "InitialsUI" */ = {
			isa = XCRemoteSwiftPackageReference;
			repositoryURL = "https://github.com/lovetodream/InitialsUI";
			requirement = {
				branch = main;
				kind = branch;
			};
		};
		86DE4D112826C55400356788 /* XCRemoteSwiftPackageReference "MarkdownUI" */ = {
			isa = XCRemoteSwiftPackageReference;
			repositoryURL = "https://github.com/gonzalezreal/MarkdownUI";
			requirement = {
				kind = upToNextMajorVersion;
				minimumVersion = 1.0.0;
			};
		};
/* End XCRemoteSwiftPackageReference section */

/* Begin XCSwiftPackageProductDependency section */
		8664EF12280D4AB70008942D /* Kingfisher */ = {
			isa = XCSwiftPackageProductDependency;
			package = 8664EF11280D4AB70008942D /* XCRemoteSwiftPackageReference "Kingfisher" */;
			productName = Kingfisher;
		};
		8677CFE1281C269300B43EED /* InitialsUI */ = {
			isa = XCSwiftPackageProductDependency;
			package = 8677CFE0281C269300B43EED /* XCRemoteSwiftPackageReference "InitialsUI" */;
			productName = InitialsUI;
		};
		86DE4D122826C55400356788 /* MarkdownUI */ = {
			isa = XCSwiftPackageProductDependency;
			package = 86DE4D112826C55400356788 /* XCRemoteSwiftPackageReference "MarkdownUI" */;
			productName = MarkdownUI;
		};
/* End XCSwiftPackageProductDependency section */
	};
	rootObject = 86F4F4942726FDC500645F2C /* Project object */;
}
