{
  "pins" : [
    {
      "identity" : "initialsui",
      "kind" : "remoteSourceControl",
      "location" : "https://github.com/lovetodream/InitialsUI",
      "state" : {
        "branch" : "main",
        "revision" : "66d672f446730661ac13feaefb0039b2bab43591"
      }
    },
    {
      "identity" : "kingfisher",
      "kind" : "remoteSourceControl",
      "location" : "https://github.com/onevcat/Kingfisher.git",
      "state" : {
        "revision" : "1a7b5480eb750a8e171654b9b1cb0a2cbeb27a55",
        "version" : "7.2.1"
      }
    }
  ],
  "version" : 2
}
